
Microsoft Visual Studio Solution File, Format Version 12.00
# Visual Studio 15
VisualStudioVersion = 15.0.27130.2024
MinimumVisualStudioVersion = 10.0.40219.1
Project("{9A19103F-16F7-4668-BE54-9A1E7A4F7556}") = "Kracker.Base", "Kracker.Base\Kracker.Base.csproj", "{BC378455-B4DB-4624-B998-E2DACFC2DBEE}"
EndProject
Project("{FAE04EC0-301F-11D3-BF4B-00C04F79EFBC}") = "Kracker.Tests", "Kracker.Tests\Kracker.Tests.csproj", "{9B3BDB80-BFC3-4C96-8A25-16E79FBD5E0F}"
EndProject
Project("{FAE04EC0-301F-11D3-BF4B-00C04F79EFBC}") = "Kracker.App", "Kracker.App\Kracker.App.csproj", "{64B88606-DC43-4C3B-9EAF-1B34998200B7}"
EndProject
Global
	GlobalSection(SolutionConfigurationPlatforms) = preSolution
		Debug|Any CPU = Debug|Any CPU
		Release|Any CPU = Release|Any CPU
	EndGlobalSection
	GlobalSection(ProjectConfigurationPlatforms) = postSolution
		{BC378455-B4DB-4624-B998-E2DACFC2DBEE}.Debug|Any CPU.ActiveCfg = Debug|Any CPU
		{BC378455-B4DB-4624-B998-E2DACFC2DBEE}.Debug|Any CPU.Build.0 = Debug|Any CPU
		{BC378455-B4DB-4624-B998-E2DACFC2DBEE}.Release|Any CPU.ActiveCfg = Release|Any CPU
		{BC378455-B4DB-4624-B998-E2DACFC2DBEE}.Release|Any CPU.Build.0 = Release|Any CPU
		{9B3BDB80-BFC3-4C96-8A25-16E79FBD5E0F}.Debug|Any CPU.ActiveCfg = Debug|Any CPU
		{9B3BDB80-BFC3-4C96-8A25-16E79FBD5E0F}.Debug|Any CPU.Build.0 = Debug|Any CPU
		{9B3BDB80-BFC3-4C96-8A25-16E79FBD5E0F}.Release|Any CPU.ActiveCfg = Release|Any CPU
		{9B3BDB80-BFC3-4C96-8A25-16E79FBD5E0F}.Release|Any CPU.Build.0 = Release|Any CPU
		{64B88606-DC43-4C3B-9EAF-1B34998200B7}.Debug|Any CPU.ActiveCfg = Debug|Any CPU
		{64B88606-DC43-4C3B-9EAF-1B34998200B7}.Debug|Any CPU.Build.0 = Debug|Any CPU
		{64B88606-DC43-4C3B-9EAF-1B34998200B7}.Release|Any CPU.ActiveCfg = Release|Any CPU
		{64B88606-DC43-4C3B-9EAF-1B34998200B7}.Release|Any CPU.Build.0 = Release|Any CPU
	EndGlobalSection
	GlobalSection(SolutionProperties) = preSolution
		HideSolutionNode = FALSE
	EndGlobalSection
	GlobalSection(ExtensibilityGlobals) = postSolution
		SolutionGuid = {06E66E6C-7ED1-4804-8B78-DA4C9CF97ADC}
	EndGlobalSection
EndGlobal
